// !$*UTF8*$!
{
	archiveVersion = 1;
	classes = {
	};
	objectVersion = 50;
	objects = {

/* Begin PBXBuildFile section */
		AEEFF9CC26DE8C9400540224 /* AppDelegate.swift in Sources */ = {isa = PBXBuildFile; fileRef = AEEFF9CB26DE8C9400540224 /* AppDelegate.swift */; };
		AEEFF9D026DE8C9400540224 /* AppSearchViewController.swift in Sources */ = {isa = PBXBuildFile; fileRef = AEEFF9CF26DE8C9400540224 /* AppSearchViewController.swift */; };
		AEEFF9D326DE8C9400540224 /* Main.storyboard in Resources */ = {isa = PBXBuildFile; fileRef = AEEFF9D126DE8C9400540224 /* Main.storyboard */; };
		AEEFF9D526DE8C9500540224 /* Assets.xcassets in Resources */ = {isa = PBXBuildFile; fileRef = AEEFF9D426DE8C9500540224 /* Assets.xcassets */; };
		AEEFF9D826DE8C9500540224 /* LaunchScreen.storyboard in Resources */ = {isa = PBXBuildFile; fileRef = AEEFF9D626DE8C9500540224 /* LaunchScreen.storyboard */; };
		AEEFF9E726DE9C1C00540224 /* AppInfoViewController.swift in Sources */ = {isa = PBXBuildFile; fileRef = AEEFF9E626DE9C1C00540224 /* AppInfoViewController.swift */; };
		AEEFF9E926DE9E5F00540224 /* iTunesQueryModel.swift in Sources */ = {isa = PBXBuildFile; fileRef = AEEFF9E826DE9E5F00540224 /* iTunesQueryModel.swift */; };
		AEEFF9EB26DE9E8B00540224 /* iTunesSearchResultModel.swift in Sources */ = {isa = PBXBuildFile; fileRef = AEEFF9EA26DE9E8B00540224 /* iTunesSearchResultModel.swift */; };
/* End PBXBuildFile section */

/* Begin PBXFileReference section */
		AEEFF9C826DE8C9400540224 /* IBM.app */ = {isa = PBXFileReference; explicitFileType = wrapper.application; includeInIndex = 0; path = IBM.app; sourceTree = BUILT_PRODUCTS_DIR; };
		AEEFF9CB26DE8C9400540224 /* AppDelegate.swift */ = {isa = PBXFileReference; lastKnownFileType = sourcecode.swift; path = AppDelegate.swift; sourceTree = "<group>"; };
		AEEFF9CF26DE8C9400540224 /* AppSearchViewController.swift */ = {isa = PBXFileReference; lastKnownFileType = sourcecode.swift; path = AppSearchViewController.swift; sourceTree = "<group>"; };
		AEEFF9D226DE8C9400540224 /* Base */ = {isa = PBXFileReference; lastKnownFileType = file.storyboard; name = Base; path = Base.lproj/Main.storyboard; sourceTree = "<group>"; };
		AEEFF9D426DE8C9500540224 /* Assets.xcassets */ = {isa = PBXFileReference; lastKnownFileType = folder.assetcatalog; path = Assets.xcassets; sourceTree = "<group>"; };
		AEEFF9D726DE8C9500540224 /* Base */ = {isa = PBXFileReference; lastKnownFileType = file.storyboard; name = Base; path = Base.lproj/LaunchScreen.storyboard; sourceTree = "<group>"; };
		AEEFF9D926DE8C9500540224 /* Info.plist */ = {isa = PBXFileReference; lastKnownFileType = text.plist.xml; path = Info.plist; sourceTree = "<group>"; };
		AEEFF9E626DE9C1C00540224 /* AppInfoViewController.swift */ = {isa = PBXFileReference; lastKnownFileType = sourcecode.swift; path = AppInfoViewController.swift; sourceTree = "<group>"; };
		AEEFF9E826DE9E5F00540224 /* iTunesQueryModel.swift */ = {isa = PBXFileReference; lastKnownFileType = sourcecode.swift; path = iTunesQueryModel.swift; sourceTree = "<group>"; };
		AEEFF9EA26DE9E8B00540224 /* iTunesSearchResultModel.swift */ = {isa = PBXFileReference; lastKnownFileType = sourcecode.swift; path = iTunesSearchResultModel.swift; sourceTree = "<group>"; };
/* End PBXFileReference section */

/* Begin PBXFrameworksBuildPhase section */
		AEEFF9C526DE8C9400540224 /* Frameworks */ = {
			isa = PBXFrameworksBuildPhase;
			buildActionMask = 2147483647;
			files = (
			);
			runOnlyForDeploymentPostprocessing = 0;
		};
/* End PBXFrameworksBuildPhase section */

/* Begin PBXGroup section */
		AEEFF9BF26DE8C9400540224 = {
			isa = PBXGroup;
			children = (
				AEEFF9CA26DE8C9400540224 /* IBM */,
				AEEFF9C926DE8C9400540224 /* Products */,
			);
			sourceTree = "<group>";
		};
		AEEFF9C926DE8C9400540224 /* Products */ = {
			isa = PBXGroup;
			children = (
				AEEFF9C826DE8C9400540224 /* IBM.app */,
			);
			name = Products;
			sourceTree = "<group>";
		};
		AEEFF9CA26DE8C9400540224 /* IBM */ = {
			isa = PBXGroup;
			children = (
				AEEFF9E126DE9A4200540224 /* View Controllers */,
				AEEFF9E026DE9A3700540224 /* Models */,
				AEEFF9DF26DE951100540224 /* Supporting Files */,
				AEEFF9D926DE8C9500540224 /* Info.plist */,
			);
			path = IBM;
			sourceTree = "<group>";
		};
		AEEFF9DF26DE951100540224 /* Supporting Files */ = {
			isa = PBXGroup;
			children = (
				AEEFF9CB26DE8C9400540224 /* AppDelegate.swift */,
				AEEFF9D126DE8C9400540224 /* Main.storyboard */,
				AEEFF9D426DE8C9500540224 /* Assets.xcassets */,
				AEEFF9D626DE8C9500540224 /* LaunchScreen.storyboard */,
			);
			path = "Supporting Files";
			sourceTree = "<group>";
		};
		AEEFF9E026DE9A3700540224 /* Models */ = {
			isa = PBXGroup;
			children = (
				AEEFF9E826DE9E5F00540224 /* iTunesQueryModel.swift */,
				AEEFF9EA26DE9E8B00540224 /* iTunesSearchResultModel.swift */,
			);
			path = Models;
			sourceTree = "<group>";
		};
		AEEFF9E126DE9A4200540224 /* View Controllers */ = {
			isa = PBXGroup;
			children = (
				AEEFF9CF26DE8C9400540224 /* AppSearchViewController.swift */,
				AEEFF9E626DE9C1C00540224 /* AppInfoViewController.swift */,
			);
			path = "View Controllers";
			sourceTree = "<group>";
		};
/* End PBXGroup section */

/* Begin PBXNativeTarget section */
		AEEFF9C726DE8C9400540224 /* IBM */ = {
			isa = PBXNativeTarget;
			buildConfigurationList = AEEFF9DC26DE8C9500540224 /* Build configuration list for PBXNativeTarget "IBM" */;
			buildPhases = (
				AEEFF9C426DE8C9400540224 /* Sources */,
				AEEFF9C526DE8C9400540224 /* Frameworks */,
				AEEFF9C626DE8C9400540224 /* Resources */,
			);
			buildRules = (
			);
			dependencies = (
			);
			name = IBM;
			productName = IBM;
			productReference = AEEFF9C826DE8C9400540224 /* IBM.app */;
			productType = "com.apple.product-type.application";
		};
/* End PBXNativeTarget section */

/* Begin PBXProject section */
		AEEFF9C026DE8C9400540224 /* Project object */ = {
			isa = PBXProject;
			attributes = {
				LastSwiftUpdateCheck = 1250;
				LastUpgradeCheck = 1250;
				TargetAttributes = {
					AEEFF9C726DE8C9400540224 = {
						CreatedOnToolsVersion = 12.5.1;
					};
				};
			};
			buildConfigurationList = AEEFF9C326DE8C9400540224 /* Build configuration list for PBXProject "IBM" */;
			compatibilityVersion = "Xcode 9.3";
			developmentRegion = en;
			hasScannedForEncodings = 0;
			knownRegions = (
				en,
				Base,
			);
			mainGroup = AEEFF9BF26DE8C9400540224;
			productRefGroup = AEEFF9C926DE8C9400540224 /* Products */;
			projectDirPath = "";
			projectRoot = "";
			targets = (
				AEEFF9C726DE8C9400540224 /* IBM */,
			);
		};
/* End PBXProject section */

/* Begin PBXResourcesBuildPhase section */
		AEEFF9C626DE8C9400540224 /* Resources */ = {
			isa = PBXResourcesBuildPhase;
			buildActionMask = 2147483647;
			files = (
				AEEFF9D826DE8C9500540224 /* LaunchScreen.storyboard in Resources */,
				AEEFF9D526DE8C9500540224 /* Assets.xcassets in Resources */,
				AEEFF9D326DE8C9400540224 /* Main.storyboard in Resources */,
			);
			runOnlyForDeploymentPostprocessing = 0;
		};
/* End PBXResourcesBuildPhase section */

/* Begin PBXSourcesBuildPhase section */
		AEEFF9C426DE8C9400540224 /* Sources */ = {
			isa = PBXSourcesBuildPhase;
			buildActionMask = 2147483647;
			files = (
				AEEFF9D026DE8C9400540224 /* AppSearchViewController.swift in Sources */,
				AEEFF9EB26DE9E8B00540224 /* iTunesSearchResultModel.swift in Sources */,
				AEEFF9E926DE9E5F00540224 /* iTunesQueryModel.swift in Sources */,
				AEEFF9E726DE9C1C00540224 /* AppInfoViewController.swift in Sources */,
				AEEFF9CC26DE8C9400540224 /* AppDelegate.swift in Sources */,
			);
			runOnlyForDeploymentPostprocessing = 0;
		};
/* End PBXSourcesBuildPhase section */

/* Begin PBXVariantGroup section */
		AEEFF9D126DE8C9400540224 /* Main.storyboard */ = {
			isa = PBXVariantGroup;
			children = (
				AEEFF9D226DE8C9400540224 /* Base */,
			);
			name = Main.storyboard;
			sourceTree = "<group>";
		};
		AEEFF9D626DE8C9500540224 /* LaunchScreen.storyboard */ = {
			isa = PBXVariantGroup;
			children = (
				AEEFF9D726DE8C9500540224 /* Base */,
			);
			name = LaunchScreen.storyboard;
			sourceTree = "<group>";
		};
/* End PBXVariantGroup section */

/* Begin XCBuildConfiguration section */
		AEEFF9DA26DE8C9500540224 /* Debug */ = {
			isa = XCBuildConfiguration;
			buildSettings = {
				ALWAYS_SEARCH_USER_PATHS = NO;
				CLANG_ANALYZER_NONNULL = YES;
				CLANG_ANALYZER_NUMBER_OBJECT_CONVERSION = YES_AGGRESSIVE;
				CLANG_CXX_LANGUAGE_STANDARD = "gnu++14";
				CLANG_CXX_LIBRARY = "libc++";
				CLANG_ENABLE_MODULES = YES;
				CLANG_ENABLE_OBJC_ARC = YES;
				CLANG_ENABLE_OBJC_WEAK = YES;
				CLANG_WARN_BLOCK_CAPTURE_AUTORELEASING = YES;
				CLANG_WARN_BOOL_CONVERSION = YES;
				CLANG_WARN_COMMA = YES;
				CLANG_WARN_CONSTANT_CONVERSION = YES;
				CLANG_WARN_DEPRECATED_OBJC_IMPLEMENTATIONS = YES;
				CLANG_WARN_DIRECT_OBJC_ISA_USAGE = YES_ERROR;
				CLANG_WARN_DOCUMENTATION_COMMENTS = YES;
				CLANG_WARN_EMPTY_BODY = YES;
				CLANG_WARN_ENUM_CONVERSION = YES;
				CLANG_WARN_INFINITE_RECURSION = YES;
				CLANG_WARN_INT_CONVERSION = YES;
				CLANG_WARN_NON_LITERAL_NULL_CONVERSION = YES;
				CLANG_WARN_OBJC_IMPLICIT_RETAIN_SELF = YES;
				CLANG_WARN_OBJC_LITERAL_CONVERSION = YES;
				CLANG_WARN_OBJC_ROOT_CLASS = YES_ERROR;
				CLANG_WARN_QUOTED_INCLUDE_IN_FRAMEWORK_HEADER = YES;
				CLANG_WARN_RANGE_LOOP_ANALYSIS = YES;
				CLANG_WARN_STRICT_PROTOTYPES = YES;
				CLANG_WARN_SUSPICIOUS_MOVE = YES;
				CLANG_WARN_UNGUARDED_AVAILABILITY = YES_AGGRESSIVE;
				CLANG_WARN_UNREACHABLE_CODE = YES;
				CLANG_WARN__DUPLICATE_METHOD_MATCH = YES;
				COPY_PHASE_STRIP = NO;
				DEBUG_INFORMATION_FORMAT = dwarf;
				ENABLE_STRICT_OBJC_MSGSEND = YES;
				ENABLE_TESTABILITY = YES;
				GCC_C_LANGUAGE_STANDARD = gnu11;
				GCC_DYNAMIC_NO_PIC = NO;
				GCC_NO_COMMON_BLOCKS = YES;
				GCC_OPTIMIZATION_LEVEL = 0;
				GCC_PREPROCESSOR_DEFINITIONS = (
					"DEBUG=1",
					"$(inherited)",
				);
				GCC_WARN_64_TO_32_BIT_CONVERSION = YES;
				GCC_WARN_ABOUT_RETURN_TYPE = YES_ERROR;
				GCC_WARN_UNDECLARED_SELECTOR = YES;
				GCC_WARN_UNINITIALIZED_AUTOS = YES_AGGRESSIVE;
				GCC_WARN_UNUSED_FUNCTION = YES;
				GCC_WARN_UNUSED_VARIABLE = YES;
				IPHONEOS_DEPLOYMENT_TARGET = 14.5;
				MTL_ENABLE_DEBUG_INFO = INCLUDE_SOURCE;
				MTL_FAST_MATH = YES;
				ONLY_ACTIVE_ARCH = YES;
				SDKROOT = iphoneos;
				SWIFT_ACTIVE_COMPILATION_CONDITIONS = DEBUG;
				SWIFT_OPTIMIZATION_LEVEL = "-Onone";
			};
			name = Debug;
		};
		AEEFF9DB26DE8C9500540224 /* Release */ = {
			isa = XCBuildConfiguration;
			buildSettings = {
				ALWAYS_SEARCH_USER_PATHS = NO;
				CLANG_ANALYZER_NONNULL = YES;
				CLANG_ANALYZER_NUMBER_OBJECT_CONVERSION = YES_AGGRESSIVE;
				CLANG_CXX_LANGUAGE_STANDARD = "gnu++14";
				CLANG_CXX_LIBRARY = "libc++";
				CLANG_ENABLE_MODULES = YES;
				CLANG_ENABLE_OBJC_ARC = YES;
				CLANG_ENABLE_OBJC_WEAK = YES;
				CLANG_WARN_BLOCK_CAPTURE_AUTORELEASING = YES;
				CLANG_WARN_BOOL_CONVERSION = YES;
				CLANG_WARN_COMMA = YES;
				CLANG_WARN_CONSTANT_CONVERSION = YES;
				CLANG_WARN_DEPRECATED_OBJC_IMPLEMENTATIONS = YES;
				CLANG_WARN_DIRECT_OBJC_ISA_USAGE = YES_ERROR;
				CLANG_WARN_DOCUMENTATION_COMMENTS = YES;
				CLANG_WARN_EMPTY_BODY = YES;
				CLANG_WARN_ENUM_CONVERSION = YES;
				CLANG_WARN_INFINITE_RECURSION = YES;
				CLANG_WARN_INT_CONVERSION = YES;
				CLANG_WARN_NON_LITERAL_NULL_CONVERSION = YES;
				CLANG_WARN_OBJC_IMPLICIT_RETAIN_SELF = YES;
				CLANG_WARN_OBJC_LITERAL_CONVERSION = YES;
				CLANG_WARN_OBJC_ROOT_CLASS = YES_ERROR;
				CLANG_WARN_QUOTED_INCLUDE_IN_FRAMEWORK_HEADER = YES;
				CLANG_WARN_RANGE_LOOP_ANALYSIS = YES;
				CLANG_WARN_STRICT_PROTOTYPES = YES;
				CLANG_WARN_SUSPICIOUS_MOVE = YES;
				CLANG_WARN_UNGUARDED_AVAILABILITY = YES_AGGRESSIVE;
				CLANG_WARN_UNREACHABLE_CODE = YES;
				CLANG_WARN__DUPLICATE_METHOD_MATCH = YES;
				COPY_PHASE_STRIP = NO;
				DEBUG_INFORMATION_FORMAT = "dwarf-with-dsym";
				ENABLE_NS_ASSERTIONS = NO;
				ENABLE_STRICT_OBJC_MSGSEND = YES;
				GCC_C_LANGUAGE_STANDARD = gnu11;
				GCC_NO_COMMON_BLOCKS = YES;
				GCC_WARN_64_TO_32_BIT_CONVERSION = YES;
				GCC_WARN_ABOUT_RETURN_TYPE = YES_ERROR;
				GCC_WARN_UNDECLARED_SELECTOR = YES;
				GCC_WARN_UNINITIALIZED_AUTOS = YES_AGGRESSIVE;
				GCC_WARN_UNUSED_FUNCTION = YES;
				GCC_WARN_UNUSED_VARIABLE = YES;
				IPHONEOS_DEPLOYMENT_TARGET = 14.5;
				MTL_ENABLE_DEBUG_INFO = NO;
				MTL_FAST_MATH = YES;
				SDKROOT = iphoneos;
				SWIFT_COMPILATION_MODE = wholemodule;
				SWIFT_OPTIMIZATION_LEVEL = "-O";
				VALIDATE_PRODUCT = YES;
			};
			name = Release;
		};
		AEEFF9DD26DE8C9500540224 /* Debug */ = {
			isa = XCBuildConfiguration;
			buildSettings = {
				ASSETCATALOG_COMPILER_APPICON_NAME = AppIcon;
				ASSETCATALOG_COMPILER_GLOBAL_ACCENT_COLOR_NAME = AccentColor;
				CODE_SIGN_STYLE = Automatic;
				DEVELOPMENT_TEAM = 5786MD6437;
				INFOPLIST_FILE = IBM/Info.plist;
				LD_RUNPATH_SEARCH_PATHS = (
					"$(inherited)",
					"@executable_path/Frameworks",
				);
				PRODUCT_BUNDLE_IDENTIFIER = IBM.IBM;
				PRODUCT_NAME = "$(TARGET_NAME)";
				SWIFT_VERSION = 5.0;
				TARGETED_DEVICE_FAMILY = "1,2";
			};
			name = Debug;
		};
		AEEFF9DE26DE8C9500540224 /* Release */ = {
			isa = XCBuildConfiguration;
			buildSettings = {
				ASSETCATALOG_COMPILER_APPICON_NAME = AppIcon;
				ASSETCATALOG_COMPILER_GLOBAL_ACCENT_COLOR_NAME = AccentColor;
				CODE_SIGN_STYLE = Automatic;
				DEVELOPMENT_TEAM = 5786MD6437;
				INFOPLIST_FILE = IBM/Info.plist;
				LD_RUNPATH_SEARCH_PATHS = (
					"$(inherited)",
					"@executable_path/Frameworks",
				);
				PRODUCT_BUNDLE_IDENTIFIER = IBM.IBM;
				PRODUCT_NAME = "$(TARGET_NAME)";
				SWIFT_VERSION = 5.0;
				TARGETED_DEVICE_FAMILY = "1,2";
			};
			name = Release;
		};
/* End XCBuildConfiguration section */

/* Begin XCConfigurationList section */
		AEEFF9C326DE8C9400540224 /* Build configuration list for PBXProject "IBM" */ = {
			isa = XCConfigurationList;
			buildConfigurations = (
				AEEFF9DA26DE8C9500540224 /* Debug */,
				AEEFF9DB26DE8C9500540224 /* Release */,
			);
			defaultConfigurationIsVisible = 0;
			defaultConfigurationName = Release;
		};
		AEEFF9DC26DE8C9500540224 /* Build configuration list for PBXNativeTarget "IBM" */ = {
			isa = XCConfigurationList;
			buildConfigurations = (
				AEEFF9DD26DE8C9500540224 /* Debug */,
				AEEFF9DE26DE8C9500540224 /* Release */,
			);
			defaultConfigurationIsVisible = 0;
			defaultConfigurationName = Release;
		};
/* End XCConfigurationList section */
	};
	rootObject = AEEFF9C026DE8C9400540224 /* Project object */;
}
